Microsoft Visual Studio Solution File, Format Version 12.00
# Visual Studio Version 17
VisualStudioVersion = 17.0.31903.59
MinimumVisualStudioVersion = 10.0.40219.1
Project("{FAE04EC0-301F-11D3-BF4B-00C04F79EFBC}") = "PeakRelay.Protocol", "PeakRelay.Protocol\PeakRelay.Protocol.csproj", "{A1000001-0000-0000-0000-000000000001}"
EndProject
Project("{FAE04EC0-301F-11D3-BF4B-00C04F79EFBC}") = "PeakRelay.Server", "PeakRelay.Server\PeakRelay.Server.csproj", "{A1000001-0000-0000-0000-000000000002}"
EndProject
Project("{FAE04EC0-301F-11D3-BF4B-00C04F79EFBC}") = "PeakRelay.Client", "PeakRelay.Client\PeakRelay.Client.csproj", "{A1000001-0000-0000-0000-000000000003}"
EndProject
Project("{FAE04EC0-301F-11D3-BF4B-00C04F79EFBC}") = "PeakRelay.Tools.TestClient", "PeakRelay.Tools.TestClient\PeakRelay.Tools.TestClient.csproj", "{A1000001-0000-0000-0000-000000000004}"
EndProject
Project("{FAE04EC0-301F-11D3-BF4B-00C04F79EFBC}") = "PeakRelay.Tools.Trace", "PeakRelay.Tools.Trace\PeakRelay.Tools.Trace.csproj", "{A1000001-0000-0000-0000-000000000005}"
EndProject
Project("{2150E333-8FDC-42A3-9474-1A3956D46DE8}") = "tests", "tests", "{A1000002-0000-0000-0000-000000000001}"
EndProject
Project("{FAE04EC0-301F-11D3-BF4B-00C04F79EFBC}") = "PeakRelay.Protocol.Tests", "tests\PeakRelay.Protocol.Tests\PeakRelay.Protocol.Tests.csproj", "{A1000003-0000-0000-0000-000000000001}"
EndProject
Project("{FAE04EC0-301F-11D3-BF4B-00C04F79EFBC}") = "PeakRelay.Dedicated", "PeakRelay.Dedicated\PeakRelay.Dedicated.csproj", "{E5AACED5-8C9C-4588-AA49-0403828F1813}"
EndProject
Project("{FAE04EC0-301F-11D3-BF4B-00C04F79EFBC}") = "Installer.Core", "Installer.Core\Installer.Core.csproj", "{57EB4C0F-4912-4D29-88ED-5E56A748F525}"
EndProject
Project("{FAE04EC0-301F-11D3-BF4B-00C04F79EFBC}") = "Installer.Server", "Installer.Server\Installer.Server.csproj", "{3D19B6ED-C724-4D39-B2F6-26C782CAE465}"
EndProject
Project("{FAE04EC0-301F-11D3-BF4B-00C04F79EFBC}") = "Installer.Client", "Installer.Client\Installer.Client.csproj", "{13BA1A89-4637-4ADE-998C-7AD965416CDB}"
EndProject
Project("{FAE04EC0-301F-11D3-BF4B-00C04F79EFBC}") = "Launcher.Core", "Launcher.Core\Launcher.Core.csproj", "{3A3B6E83-A1E1-4718-B5B6-5B45348CE3ED}"
EndProject
Project("{FAE04EC0-301F-11D3-BF4B-00C04F79EFBC}") = "PeakRelay.Launcher", "Launcher\PeakRelay.Launcher.csproj", "{7DAC7B12-4488-48D6-A4D1-8D4CB52B9123}"
EndProject
Project("{FAE04EC0-301F-11D3-BF4B-00C04F79EFBC}") = "PeakRelay.Launcher.Tests", "tests\PeakRelay.Launcher.Tests\PeakRelay.Launcher.Tests.csproj", "{68550051-A948-411C-B634-77D8ABF7D0B5}"
EndProject
Project("{FAE04EC0-301F-11D3-BF4B-00C04F79EFBC}") = "PeakRelay.Dedicated.Tests", "tests\PeakRelay.Dedicated.Tests\PeakRelay.Dedicated.Tests.csproj", "{0D497C8B-8EE0-4A0E-8A88-B7523ABD3C7D}"
EndProject
Project("{FAE04EC0-301F-11D3-BF4B-00C04F79EFBC}") = "PeakRelay.Conformance.Tests", "tests\PeakRelay.Conformance.Tests\PeakRelay.Conformance.Tests.csproj", "{A1000003-0000-0000-0000-000000000002}"
EndProject
Global
	GlobalSection(SolutionConfigurationPlatforms) = preSolution
		Debug|Any CPU = Debug|Any CPU
		Release|Any CPU = Release|Any CPU
	EndGlobalSection
	GlobalSection(ProjectConfigurationPlatforms) = postSolution
		{A1000001-0000-0000-0000-000000000001}.Debug|Any CPU.ActiveCfg = Debug|Any CPU
		{A1000001-0000-0000-0000-000000000001}.Debug|Any CPU.Build.0 = Debug|Any CPU
		{A1000001-0000-0000-0000-000000000001}.Release|Any CPU.ActiveCfg = Release|Any CPU
		{A1000001-0000-0000-0000-000000000001}.Release|Any CPU.Build.0 = Release|Any CPU
		{A1000001-0000-0000-0000-0000-000000000002}.Debug|Any CPU.ActiveCfg = Debug|Any CPU
		{A1000001-0000-0000-0000-0000-000000000002}.Debug|Any CPU.Build.0 = Debug|Any CPU
		{A1000001-0000-0000-0000-0000-000000000002}.Release|Any CPU.ActiveCfg = Release|Any CPU
		{A1000001-0000-0000-0000-000000000002}.Release|Any CPU.Build.0 = Release|Any CPU
		{A1000001-0000-0000-0000-000000000003}.Debug|Any CPU.ActiveCfg = Debug|Any CPU
		{A1000001-0000-0000-0000-0000-000000000003}.Debug|Any CPU.Build.0 = Debug|Any CPU
		{A1000001-0000-0000-0000-0000-000000000003}.Release|Any CPU.ActiveCfg = Release|Any CPU
		{A1000001-0000-0000-0000-0000-000000000003}.Release|Any CPU.Build.0 = Release|Any CPU
		{A1000001-0000-0000-0000-000000000004}.Debug|Any CPU.ActiveCfg = Debug|Any CPU
		{A1000001-0000-0000-0000-000000000004}.Debug|Any CPU.Build.0 = Debug|Any CPU
		{A1000001-0000-0000-0000-0000-000000000004}.Release|Any CPU.ActiveCfg = Release|Any CPU
		{A1000001-0000-0000-0000-0000-000000000004}.Release|Any CPU.Build.0 = Release|Any CPU
		{A1000001-0000-0000-0000-000000000005}.Debug|Any CPU.ActiveCfg = Debug|Any CPU
		{A1000001-0000-0000-0000-000000000005}.Debug|Any CPU.Build.0 = Debug|Any CPU
		{A1000001-0000-0000-0000-000000000005}.Release|Any CPU.ActiveCfg = Release|Any CPU
		{A1000001-0000-0000-0000-000000000005}.Release|Any CPU.Build.0 = Release|Any CPU
		{A1000003-0000-0000-0000-000000000001}.Debug|Any CPU.ActiveCfg = Debug|Any CPU
		{A1000003-0000-0000-0000-000000000001}.Debug|Any CPU.Build.0 = Debug|Any CPU
		{A1000003-0000-0000-0000-000000000001}.Release|Any CPU.ActiveCfg = Release|Any CPU
		{A1000003-0000-0000-0000-000000000001}.Release|Any CPU.Build.0 = Release|Any CPU
		{A1000003-0000-0000-0000-000000000002}.Debug|Any CPU.ActiveCfg = Debug|Any CPU
		{A1000003-0000-0000-0000-000000000002}.Debug|Any CPU.Build.0 = Debug|Any CPU
		{A1000003-0000-0000-0000-000000000002}.Release|Any CPU.ActiveCfg = Release|Any CPU
		{A1000003-0000-0000-0000-000000000002}.Release|Any CPU.Build.0 = Release|Any CPU
		{E5AACED5-8C9C-4588-AA49-0403828F1813}.Debug|Any CPU.ActiveCfg = Debug|Any CPU
		{E5AACED5-8C9C-4588-AA49-0403828F1813}.Debug|Any CPU.Build.0 = Debug|Any CPU
		{E5AACED5-8C9C-4588-AA49-0403828F1813}.Release|Any CPU.ActiveCfg = Release|Any CPU
		{E5AACED5-8C9C-4588-AA49-0403828F1813}.Release|Any CPU.Build.0 = Release|Any CPU
		{57EB4C0F-4912-4D29-88ED-5E56A748F525}.Debug|Any CPU.ActiveCfg = Debug|Any CPU
		{57EB4C0F-4912-4D29-88ED-5E56A748F525}.Debug|Any CPU.Build.0 = Debug|Any CPU
		{57EB4C0F-4912-4D29-88ED-5E56A748F525}.Release|Any CPU.ActiveCfg = Release|Any CPU
		{57EB4C0F-4912-4D29-88ED-5E56A748F525}.Release|Any CPU.Build.0 = Release|Any CPU
		{3D19B6ED-C724-4D39-B2F6-26C782CAE465}.Debug|Any CPU.ActiveCfg = Debug|Any CPU
		{3D19B6ED-C724-4D39-B2F6-26C782CAE465}.Debug|Any CPU.Build.0 = Debug|Any CPU
		{3D19B6ED-C724-4D39-B2F6-26C782CAE465}.Release|Any CPU.ActiveCfg = Release|Any CPU
		{3D19B6ED-C724-4D39-B2F6-26C782CAE465}.Release|Any CPU.Build.0 = Release|Any CPU
		{13BA1A89-4637-4ADE-998C-7AD965416CDB}.Debug|Any CPU.ActiveCfg = Debug|Any CPU
		{13BA1A89-4637-4ADE-998C-7AD965416CDB}.Debug|Any CPU.Build.0 = Debug|Any CPU
		{13BA1A89-4637-4ADE-998C-7AD965416CDB}.Release|Any CPU.ActiveCfg = Release|Any CPU
		{13BA1A89-4637-4ADE-998C-7AD965416CDB}.Release|Any CPU.Build.0 = Release|Any CPU
		{3A3B6E83-A1E1-4718-B5B6-5B45348CE3ED}.Debug|Any CPU.ActiveCfg = Debug|Any CPU
		{3A3B6E83-A1E1-4718-B5B6-5B45348CE3ED}.Debug|Any CPU.Build.0 = Debug|Any CPU
		{3A3B6E83-A1E1-4718-B5B6-5B45348CE3ED}.Release|Any CPU.ActiveCfg = Release|Any CPU
		{3A3B6E83-A1E1-4718-B5B6-5B45348CE3ED}.Release|Any CPU.Build.0 = Release|Any CPU
		{7DAC7B12-4488-48D6-A4D1-8D4CB52B9123}.Debug|Any CPU.ActiveCfg = Debug|Any CPU
		{7DAC7B12-4488-48D6-A4D1-8D4CB52B9123}.Debug|Any CPU.Build.0 = Debug|Any CPU
		{7DAC7B12-4488-48D6-A4D1-8D4CB52B9123}.Release|Any CPU.ActiveCfg = Release|Any CPU
		{7DAC7B12-4488-48D6-A4D1-8D4CB52B9123}.Release|Any CPU.Build.0 = Release|Any CPU
		{68550051-A948-411C-B634-77D8ABF7D0B5}.Debug|Any CPU.ActiveCfg = Debug|Any CPU
		{68550051-A948-411C-B634-77D8ABF7D0B5}.Debug|Any CPU.Build.0 = Debug|Any CPU
		{68550051-A948-411C-B634-77D8ABF7D0B5}.Release|Any CPU.ActiveCfg = Release|Any CPU
		{68550051-A948-411C-B634-77D8ABF7D0B5}.Release|Any CPU.Build.0 = Release|Any CPU
		{0D497C8B-8EE0-4A0E-8A88-B7523ABD3C7D}.Debug|Any CPU.ActiveCfg = Debug|Any CPU
		{0D497C8B-8EE0-4A0E-8A88-B7523ABD3C7D}.Debug|Any CPU.Build.0 = Debug|Any CPU
		{0D497C8B-8EE0-4A0E-8A88-B7523ABD3C7D}.Release|Any CPU.ActiveCfg = Release|Any CPU
		{0D497C8B-8EE0-4A0E-8A88-B7523ABD3C7D}.Release|Any CPU.Build.0 = Release|Any CPU
	EndGlobalSection
	GlobalSection(NestedProjects) = preSolution
		{A1000003-0000-0000-0000-000000000001} = {A1000002-0000-0000-0000-000000000001}
		{A1000003-0000-0000-0000-000000000002} = {A1000002-0000-0000-0000-000000000001}
		{68550051-A948-411C-B634-77D8ABF7D0B5} = {A1000002-0000-0000-0000-000000000001}
		{0D497C8B-8EE0-4A0E-8A88-B7523ABD3C7D} = {A1000002-0000-0000-0000-000000000001}
	EndGlobalSection
EndGlobal
